
Microsoft Visual Studio Solution File, Format Version 12.00
# Visual Studio Version 16
VisualStudioVersion = 16.0.29519.181
MinimumVisualStudioVersion = 10.0.40219.1
Project("{FAE04EC0-301F-11D3-BF4B-00C04F79EFBC}") = "SocketClient_Milosevic", "SocketClient_Milosevic\SocketClient_Milosevic.csproj", "{E4AF0932-6C40-43DC-9010-E81AD5238C6B}"
EndProject
Global
	GlobalSection(SolutionConfigurationPlatforms) = preSolution
		Debug|Any CPU = Debug|Any CPU
		Release|Any CPU = Release|Any CPU
	EndGlobalSection
	GlobalSection(ProjectConfigurationPlatforms) = postSolution
		{E4AF0932-6C40-43DC-9010-E81AD5238C6B}.Debug|Any CPU.ActiveCfg = Debug|Any CPU
		{E4AF0932-6C40-43DC-9010-E81AD5238C6B}.Debug|Any CPU.Build.0 = Debug|Any CPU
		{E4AF0932-6C40-43DC-9010-E81AD5238C6B}.Release|Any CPU.ActiveCfg = Release|Any CPU
		{E4AF0932-6C40-43DC-9010-E81AD5238C6B}.Release|Any CPU.Build.0 = Release|Any CPU
	EndGlobalSection
	GlobalSection(SolutionProperties) = preSolution
		HideSolutionNode = FALSE
	EndGlobalSection
	GlobalSection(ExtensibilityGlobals) = postSolution
		SolutionGuid = {589A3865-C90E-4130-B878-0EA0981FB955}
	EndGlobalSection
EndGlobal
